// !$*UTF8*$!
{
	archiveVersion = 1;
	classes = {
	};
	objectVersion = 46;
	objects = {

/* Begin PBXAggregateTarget section */
		6E06860C1AB296AD0047BDDB /* Cross Compile */ = {
			isa = PBXAggregateTarget;
			buildConfigurationList = 6E06860D1AB296AD0047BDDB /* Build configuration list for PBXAggregateTarget "Cross Compile" */;
			buildPhases = (
				6E0686101AB296BB0047BDDB /* ShellScript */,
			);
			dependencies = (
			);
			name = "Cross Compile";
			productName = "Cross Compile";
		};
/* End PBXAggregateTarget section */

/* Begin PBXFileReference section */
		6E0685E51AB27A9F0047BDDB /* Makefile */ = {isa = PBXFileReference; lastKnownFileType = sourcecode.make; path = Makefile; sourceTree = "<group>"; };
		6E0685E61AB27A9F0047BDDB /* src */ = {isa = PBXFileReference; lastKnownFileType = folder; path = src; sourceTree = "<group>"; };
/* End PBXFileReference section */

/* Begin PBXGroup section */
		6E0685DD1AB27A9F0047BDDB = {
			isa = PBXGroup;
			children = (
				6E0685E51AB27A9F0047BDDB /* Makefile */,
				6E0685E61AB27A9F0047BDDB /* src */,
			);
			sourceTree = "<group>";
		};
/* End PBXGroup section */

/* Begin PBXProject section */
		6E0685DE1AB27A9F0047BDDB /* Project object */ = {
			isa = PBXProject;
			attributes = {
				LastUpgradeCheck = 0620;
				TargetAttributes = {
					6E06860C1AB296AD0047BDDB = {
						CreatedOnToolsVersion = 6.2;
					};
				};
			};
			buildConfigurationList = 6E0685E11AB27A9F0047BDDB /* Build configuration list for PBXProject "Hello World Intel Edison" */;
			compatibilityVersion = "Xcode 3.2";
			developmentRegion = English;
			hasScannedForEncodings = 0;
			knownRegions = (
				en,
			);
			mainGroup = 6E0685DD1AB27A9F0047BDDB;
			projectDirPath = "";
			projectRoot = "";
			targets = (
				6E06860C1AB296AD0047BDDB /* Cross Compile */,
			);
		};
/* End PBXProject section */

/* Begin PBXShellScriptBuildPhase section */
		6E0686101AB296BB0047BDDB /* ShellScript */ = {
			isa = PBXShellScriptBuildPhase;
			buildActionMask = 2147483647;
			files = (
			);
			inputPaths = (
			);
			outputPaths = (
			);
			runOnlyForDeploymentPostprocessing = 0;
			shellPath = /bin/sh;
			shellScript = "source /opt/poky-edison/$EDISON_YOCTO_VERSION/environment-setup-core2-32-poky-linux\nmake";
		};
/* End PBXShellScriptBuildPhase section */

/* Begin XCBuildConfiguration section */
		6E0685DF1AB27A9F0047BDDB /* Debug */ = {
			isa = XCBuildConfiguration;
			buildSettings = {
				EDISON_YOCTO_VERSION = 1.6.1;
				ONLY_ACTIVE_ARCH = YES;
				PRODUCT_NAME = $PROJECT_NAME;
			};
			name = Debug;
		};
		6E0685E01AB27A9F0047BDDB /* Release */ = {
			isa = XCBuildConfiguration;
			buildSettings = {
				EDISON_YOCTO_VERSION = 1.6.1;
				PRODUCT_NAME = $PROJECT_NAME;
			};
			name = Release;
		};
		6E06860E1AB296AD0047BDDB /* Debug */ = {
			isa = XCBuildConfiguration;
			buildSettings = {
				PRODUCT_NAME = "$(TARGET_NAME)";
			};
			name = Debug;
		};
		6E06860F1AB296AD0047BDDB /* Release */ = {
			isa = XCBuildConfiguration;
			buildSettings = {
				PRODUCT_NAME = "$(TARGET_NAME)";
			};
			name = Release;
		};
/* End XCBuildConfiguration section */

/* Begin XCConfigurationList section */
		6E0685E11AB27A9F0047BDDB /* Build configuration list for PBXProject "Hello World Intel Edison" */ = {
			isa = XCConfigurationList;
			buildConfigurations = (
				6E0685DF1AB27A9F0047BDDB /* Debug */,
				6E0685E01AB27A9F0047BDDB /* Release */,
			);
			defaultConfigurationIsVisible = 0;
			defaultConfigurationName = Release;
		};
		6E06860D1AB296AD0047BDDB /* Build configuration list for PBXAggregateTarget "Cross Compile" */ = {
			isa = XCConfigurationList;
			buildConfigurations = (
				6E06860E1AB296AD0047BDDB /* Debug */,
				6E06860F1AB296AD0047BDDB /* Release */,
			);
			defaultConfigurationIsVisible = 0;
		};
/* End XCConfigurationList section */
	};
	rootObject = 6E0685DE1AB27A9F0047BDDB /* Project object */;
}
